
Microsoft Visual Studio Solution File, Format Version 12.00
# Visual Studio Version 17
VisualStudioVersion = 17.11.35222.181
MinimumVisualStudioVersion = 10.0.40219.1
Project("{FAE04EC0-301F-11D3-BF4B-00C04F79EFBC}") = "KafkaConsumer.Worker", "KafkaConsumer.Worker\KafkaConsumer.Worker.csproj", "{6A4D9F39-4A9A-4F29-B37A-6ECCA054CE99}"
EndProject
Project("{E53339B2-1760-4266-BCC7-CA923CBCF16C}") = "docker-compose", "docker-compose.dcproj", "{A29CC9AA-14F2-487A-812E-C1E39ED5162C}"
EndProject
Project("{FAE04EC0-301F-11D3-BF4B-00C04F79EFBC}") = "KafkaConsumer.Tests", "KafkaConsumer.Tests\KafkaConsumer.Tests.csproj", "{EA0D748E-BF59-41AF-9F47-025333444BF1}"
EndProject
Global
	GlobalSection(SolutionConfigurationPlatforms) = preSolution
		Debug|Any CPU = Debug|Any CPU
		Release|Any CPU = Release|Any CPU
	EndGlobalSection
	GlobalSection(ProjectConfigurationPlatforms) = postSolution
		{6A4D9F39-4A9A-4F29-B37A-6ECCA054CE99}.Debug|Any CPU.ActiveCfg = Debug|Any CPU
		{6A4D9F39-4A9A-4F29-B37A-6ECCA054CE99}.Debug|Any CPU.Build.0 = Debug|Any CPU
		{6A4D9F39-4A9A-4F29-B37A-6ECCA054CE99}.Release|Any CPU.ActiveCfg = Release|Any CPU
		{6A4D9F39-4A9A-4F29-B37A-6ECCA054CE99}.Release|Any CPU.Build.0 = Release|Any CPU
		{A29CC9AA-14F2-487A-812E-C1E39ED5162C}.Debug|Any CPU.ActiveCfg = Debug|Any CPU
		{A29CC9AA-14F2-487A-812E-C1E39ED5162C}.Debug|Any CPU.Build.0 = Debug|Any CPU
		{A29CC9AA-14F2-487A-812E-C1E39ED5162C}.Release|Any CPU.ActiveCfg = Release|Any CPU
		{A29CC9AA-14F2-487A-812E-C1E39ED5162C}.Release|Any CPU.Build.0 = Release|Any CPU
		{EA0D748E-BF59-41AF-9F47-025333444BF1}.Debug|Any CPU.ActiveCfg = Debug|Any CPU
		{EA0D748E-BF59-41AF-9F47-025333444BF1}.Debug|Any CPU.Build.0 = Debug|Any CPU
		{EA0D748E-BF59-41AF-9F47-025333444BF1}.Release|Any CPU.ActiveCfg = Release|Any CPU
		{EA0D748E-BF59-41AF-9F47-025333444BF1}.Release|Any CPU.Build.0 = Release|Any CPU
	EndGlobalSection
	GlobalSection(SolutionProperties) = preSolution
		HideSolutionNode = FALSE
	EndGlobalSection
	GlobalSection(ExtensibilityGlobals) = postSolution
		SolutionGuid = {10EF8E4F-39D6-4A27-96BC-CE9B77571671}
	EndGlobalSection
EndGlobal
